
Microsoft Visual Studio Solution File, Format Version 12.00
# Visual Studio Version 17
VisualStudioVersion = 17.4.33213.308
MinimumVisualStudioVersion = 10.0.40219.1
Project("{FAE04EC0-301F-11D3-BF4B-00C04F79EFBC}") = "Queens Blood Rip Off", "Queens Blood Rip Off\Queens Blood Rip Off.csproj", "{BD39428E-A4E1-42A1-B357-CE876298370A}"
EndProject
Global
	GlobalSection(SolutionConfigurationPlatforms) = preSolution
		Debug|Any CPU = Debug|Any CPU
		Release|Any CPU = Release|Any CPU
	EndGlobalSection
	GlobalSection(ProjectConfigurationPlatforms) = postSolution
		{BD39428E-A4E1-42A1-B357-CE876298370A}.Debug|Any CPU.ActiveCfg = Debug|Any CPU
		{BD39428E-A4E1-42A1-B357-CE876298370A}.Debug|Any CPU.Build.0 = Debug|Any CPU
		{BD39428E-A4E1-42A1-B357-CE876298370A}.Release|Any CPU.ActiveCfg = Release|Any CPU
		{BD39428E-A4E1-42A1-B357-CE876298370A}.Release|Any CPU.Build.0 = Release|Any CPU
	EndGlobalSection
	GlobalSection(SolutionProperties) = preSolution
		HideSolutionNode = FALSE
	EndGlobalSection
	GlobalSection(ExtensibilityGlobals) = postSolution
		SolutionGuid = {969D7740-0CEC-4056-85C6-DF31A3B012AD}
	EndGlobalSection
EndGlobal
